// !$*UTF8*$!
{
	archiveVersion = 1;
	classes = {
	};
	objectVersion = 46;
	objects = {

/* Begin PBXBuildFile section */
		54116C691B84E736009D33D3 /* Session.swift in Sources */ = {isa = PBXBuildFile; fileRef = 54116C681B84E736009D33D3 /* Session.swift */; };
		541921421B82444D00E1B554 /* RefreshTokenRequest.swift in Sources */ = {isa = PBXBuildFile; fileRef = 541921411B82444D00E1B554 /* RefreshTokenRequest.swift */; };
		541921441B82454B00E1B554 /* SessionService.swift in Sources */ = {isa = PBXBuildFile; fileRef = 541921431B82454B00E1B554 /* SessionService.swift */; };
		541921461B8245E200E1B554 /* Player.swift in Sources */ = {isa = PBXBuildFile; fileRef = 541921451B8245E200E1B554 /* Player.swift */; };
		541921481B82469900E1B554 /* PersistentStorageService.swift in Sources */ = {isa = PBXBuildFile; fileRef = 541921471B82469900E1B554 /* PersistentStorageService.swift */; };
		547FC7921B7F80CE00BA4C3F /* AccessDetails.swift in Sources */ = {isa = PBXBuildFile; fileRef = 547FC7911B7F80CE00BA4C3F /* AccessDetails.swift */; };
		547FC7981B7F850000BA4C3F /* PlayerMeRequest.swift in Sources */ = {isa = PBXBuildFile; fileRef = 547FC7971B7F850000BA4C3F /* PlayerMeRequest.swift */; };
		547FC79A1B7F85C200BA4C3F /* AuthenticationRequest.swift in Sources */ = {isa = PBXBuildFile; fileRef = 547FC7991B7F85C200BA4C3F /* AuthenticationRequest.swift */; };
		547FC79D1B7F8B8A00BA4C3F /* TokenType.swift in Sources */ = {isa = PBXBuildFile; fileRef = 547FC79C1B7F8B8A00BA4C3F /* TokenType.swift */; };
		54B4A6401B84FAA80021A5D1 /* PlayerDetailsRequest.swift in Sources */ = {isa = PBXBuildFile; fileRef = 54B4A63F1B84FAA80021A5D1 /* PlayerDetailsRequest.swift */; };
		54B4A6421B84FC360021A5D1 /* PlayerWebService.swift in Sources */ = {isa = PBXBuildFile; fileRef = 54B4A6411B84FC360021A5D1 /* PlayerWebService.swift */; };
		54B4A6441B8512020021A5D1 /* WebService.swift in Sources */ = {isa = PBXBuildFile; fileRef = 54B4A6431B8512020021A5D1 /* WebService.swift */; };
		54B4A6461B8519B80021A5D1 /* FilterType.swift in Sources */ = {isa = PBXBuildFile; fileRef = 54B4A6451B8519B80021A5D1 /* FilterType.swift */; };
		54BC1FB91B7E5989001B884B /* AppDelegate.swift in Sources */ = {isa = PBXBuildFile; fileRef = 54BC1FB81B7E5989001B884B /* AppDelegate.swift */; };
		54BC1FBE1B7E5989001B884B /* Main.storyboard in Resources */ = {isa = PBXBuildFile; fileRef = 54BC1FBC1B7E5989001B884B /* Main.storyboard */; };
		54BC1FC01B7E5989001B884B /* Images.xcassets in Resources */ = {isa = PBXBuildFile; fileRef = 54BC1FBF1B7E5989001B884B /* Images.xcassets */; };
		54BC1FC31B7E5989001B884B /* LaunchScreen.xib in Resources */ = {isa = PBXBuildFile; fileRef = 54BC1FC11B7E5989001B884B /* LaunchScreen.xib */; };
		54BC1FCF1B7E5989001B884B /* PlayerAuthMeTests.swift in Sources */ = {isa = PBXBuildFile; fileRef = 54BC1FCE1B7E5989001B884B /* PlayerAuthMeTests.swift */; };
		54BC1FDB1B7E59C2001B884B /* ExampleLoginViewController.swift in Sources */ = {isa = PBXBuildFile; fileRef = 54BC1FDA1B7E59C2001B884B /* ExampleLoginViewController.swift */; };
		54BC1FE01B7E5A2B001B884B /* PlayerAuthMe.swift in Sources */ = {isa = PBXBuildFile; fileRef = 54BC1FDF1B7E5A2B001B884B /* PlayerAuthMe.swift */; };
		54BC1FE31B7E5A90001B884B /* WebServiceManager.swift in Sources */ = {isa = PBXBuildFile; fileRef = 54BC1FE21B7E5A90001B884B /* WebServiceManager.swift */; };
		54BC1FE51B7E5AB2001B884B /* AuthenticationWebService.swift in Sources */ = {isa = PBXBuildFile; fileRef = 54BC1FE41B7E5AB2001B884B /* AuthenticationWebService.swift */; };
		54BC1FE71B7E5B15001B884B /* Constants.swift in Sources */ = {isa = PBXBuildFile; fileRef = 54BC1FE61B7E5B15001B884B /* Constants.swift */; };
		54BC1FE91B7E5DDB001B884B /* Client.swift in Sources */ = {isa = PBXBuildFile; fileRef = 54BC1FE81B7E5DDB001B884B /* Client.swift */; };
/* End PBXBuildFile section */

/* Begin PBXContainerItemProxy section */
		54BC1FC91B7E5989001B884B /* PBXContainerItemProxy */ = {
			isa = PBXContainerItemProxy;
			containerPortal = 54BC1FAB1B7E5989001B884B /* Project object */;
			proxyType = 1;
			remoteGlobalIDString = 54BC1FB21B7E5989001B884B;
			remoteInfo = PlayerAuthMe;
		};
/* End PBXContainerItemProxy section */

/* Begin PBXFileReference section */
		54116C681B84E736009D33D3 /* Session.swift */ = {isa = PBXFileReference; fileEncoding = 4; lastKnownFileType = sourcecode.swift; name = Session.swift; path = Library/Models/Session.swift; sourceTree = "<group>"; };
		541921411B82444D00E1B554 /* RefreshTokenRequest.swift */ = {isa = PBXFileReference; fileEncoding = 4; lastKnownFileType = sourcecode.swift; name = RefreshTokenRequest.swift; path = Library/Models/PlayerMeRequest/RefreshTokenRequest.swift; sourceTree = "<group>"; };
		541921431B82454B00E1B554 /* SessionService.swift */ = {isa = PBXFileReference; fileEncoding = 4; lastKnownFileType = sourcecode.swift; name = SessionService.swift; path = Library/Services/SessionService.swift; sourceTree = "<group>"; };
		541921451B8245E200E1B554 /* Player.swift */ = {isa = PBXFileReference; fileEncoding = 4; lastKnownFileType = sourcecode.swift; name = Player.swift; path = Library/Models/Player.swift; sourceTree = "<group>"; };
		541921471B82469900E1B554 /* PersistentStorageService.swift */ = {isa = PBXFileReference; fileEncoding = 4; lastKnownFileType = sourcecode.swift; name = PersistentStorageService.swift; path = Library/Services/PersistentStorageService.swift; sourceTree = "<group>"; };
		547FC7911B7F80CE00BA4C3F /* AccessDetails.swift */ = {isa = PBXFileReference; fileEncoding = 4; lastKnownFileType = sourcecode.swift; name = AccessDetails.swift; path = Library/Models/AccessDetails.swift; sourceTree = "<group>"; };
		547FC7971B7F850000BA4C3F /* PlayerMeRequest.swift */ = {isa = PBXFileReference; fileEncoding = 4; lastKnownFileType = sourcecode.swift; name = PlayerMeRequest.swift; path = Library/Models/PlayerMeRequest/PlayerMeRequest.swift; sourceTree = "<group>"; };
		547FC7991B7F85C200BA4C3F /* AuthenticationRequest.swift */ = {isa = PBXFileReference; fileEncoding = 4; lastKnownFileType = sourcecode.swift; name = AuthenticationRequest.swift; path = Library/Models/PlayerMeRequest/AuthenticationRequest.swift; sourceTree = "<group>"; };
		547FC79C1B7F8B8A00BA4C3F /* TokenType.swift */ = {isa = PBXFileReference; fileEncoding = 4; lastKnownFileType = sourcecode.swift; name = TokenType.swift; path = Enums/TokenType.swift; sourceTree = "<group>"; };
		54B4A63F1B84FAA80021A5D1 /* PlayerDetailsRequest.swift */ = {isa = PBXFileReference; fileEncoding = 4; lastKnownFileType = sourcecode.swift; name = PlayerDetailsRequest.swift; path = Library/Models/PlayerMeRequest/PlayerDetailsRequest.swift; sourceTree = "<group>"; };
		54B4A6411B84FC360021A5D1 /* PlayerWebService.swift */ = {isa = PBXFileReference; fileEncoding = 4; lastKnownFileType = sourcecode.swift; name = PlayerWebService.swift; path = Library/Services/PlayerWebService.swift; sourceTree = "<group>"; };
		54B4A6431B8512020021A5D1 /* WebService.swift */ = {isa = PBXFileReference; fileEncoding = 4; lastKnownFileType = sourcecode.swift; name = WebService.swift; path = Library/Services/WebService.swift; sourceTree = "<group>"; };
		54B4A6451B8519B80021A5D1 /* FilterType.swift */ = {isa = PBXFileReference; fileEncoding = 4; lastKnownFileType = sourcecode.swift; name = FilterType.swift; path = Enums/FilterType.swift; sourceTree = "<group>"; };
		54BC1FB31B7E5989001B884B /* PlayerAuthMe.app */ = {isa = PBXFileReference; explicitFileType = wrapper.application; includeInIndex = 0; path = PlayerAuthMe.app; sourceTree = BUILT_PRODUCTS_DIR; };
		54BC1FB71B7E5989001B884B /* Info.plist */ = {isa = PBXFileReference; lastKnownFileType = text.plist.xml; path = Info.plist; sourceTree = "<group>"; };
		54BC1FB81B7E5989001B884B /* AppDelegate.swift */ = {isa = PBXFileReference; lastKnownFileType = sourcecode.swift; path = AppDelegate.swift; sourceTree = "<group>"; };
		54BC1FBD1B7E5989001B884B /* Base */ = {isa = PBXFileReference; lastKnownFileType = file.storyboard; name = Base; path = Base.lproj/Main.storyboard; sourceTree = "<group>"; };
		54BC1FBF1B7E5989001B884B /* Images.xcassets */ = {isa = PBXFileReference; lastKnownFileType = folder.assetcatalog; path = Images.xcassets; sourceTree = "<group>"; };
		54BC1FC21B7E5989001B884B /* Base */ = {isa = PBXFileReference; lastKnownFileType = file.xib; name = Base; path = Base.lproj/LaunchScreen.xib; sourceTree = "<group>"; };
		54BC1FC81B7E5989001B884B /* PlayerAuthMeTests.xctest */ = {isa = PBXFileReference; explicitFileType = wrapper.cfbundle; includeInIndex = 0; path = PlayerAuthMeTests.xctest; sourceTree = BUILT_PRODUCTS_DIR; };
		54BC1FCD1B7E5989001B884B /* Info.plist */ = {isa = PBXFileReference; lastKnownFileType = text.plist.xml; path = Info.plist; sourceTree = "<group>"; };
		54BC1FCE1B7E5989001B884B /* PlayerAuthMeTests.swift */ = {isa = PBXFileReference; lastKnownFileType = sourcecode.swift; path = PlayerAuthMeTests.swift; sourceTree = "<group>"; };
		54BC1FDA1B7E59C2001B884B /* ExampleLoginViewController.swift */ = {isa = PBXFileReference; fileEncoding = 4; lastKnownFileType = sourcecode.swift; name = ExampleLoginViewController.swift; path = Example/ExampleLoginViewController.swift; sourceTree = "<group>"; };
		54BC1FDF1B7E5A2B001B884B /* PlayerAuthMe.swift */ = {isa = PBXFileReference; fileEncoding = 4; lastKnownFileType = sourcecode.swift; name = PlayerAuthMe.swift; path = Library/PlayerAuthMe.swift; sourceTree = "<group>"; };
		54BC1FE21B7E5A90001B884B /* WebServiceManager.swift */ = {isa = PBXFileReference; fileEncoding = 4; lastKnownFileType = sourcecode.swift; name = WebServiceManager.swift; path = Library/Managers/WebServiceManager.swift; sourceTree = "<group>"; };
		54BC1FE41B7E5AB2001B884B /* AuthenticationWebService.swift */ = {isa = PBXFileReference; fileEncoding = 4; lastKnownFileType = sourcecode.swift; name = AuthenticationWebService.swift; path = Library/Services/AuthenticationWebService.swift; sourceTree = "<group>"; };
		54BC1FE61B7E5B15001B884B /* Constants.swift */ = {isa = PBXFileReference; fileEncoding = 4; lastKnownFileType = sourcecode.swift; name = Constants.swift; path = Library/Constants/Constants.swift; sourceTree = "<group>"; };
		54BC1FE81B7E5DDB001B884B /* Client.swift */ = {isa = PBXFileReference; fileEncoding = 4; lastKnownFileType = sourcecode.swift; name = Client.swift; path = Library/Models/Client.swift; sourceTree = "<group>"; };
/* End PBXFileReference section */

/* Begin PBXFrameworksBuildPhase section */
		54BC1FB01B7E5989001B884B /* Frameworks */ = {
			isa = PBXFrameworksBuildPhase;
			buildActionMask = 2147483647;
			files = (
			);
			runOnlyForDeploymentPostprocessing = 0;
		};
		54BC1FC51B7E5989001B884B /* Frameworks */ = {
			isa = PBXFrameworksBuildPhase;
			buildActionMask = 2147483647;
			files = (
			);
			runOnlyForDeploymentPostprocessing = 0;
		};
/* End PBXFrameworksBuildPhase section */

/* Begin PBXGroup section */
		547FC78D1B7F7D7E00BA4C3F /* PlayerMeRequests */ = {
			isa = PBXGroup;
			children = (
				547FC7971B7F850000BA4C3F /* PlayerMeRequest.swift */,
				547FC7991B7F85C200BA4C3F /* AuthenticationRequest.swift */,
				541921411B82444D00E1B554 /* RefreshTokenRequest.swift */,
				54B4A63F1B84FAA80021A5D1 /* PlayerDetailsRequest.swift */,
			);
			name = PlayerMeRequests;
			sourceTree = "<group>";
		};
		547FC7941B7F848400BA4C3F /* Extensions */ = {
			isa = PBXGroup;
			children = (
			);
			name = Extensions;
			sourceTree = "<group>";
		};
		547FC79B1B7F8B7300BA4C3F /* Enums */ = {
			isa = PBXGroup;
			children = (
				547FC79C1B7F8B8A00BA4C3F /* TokenType.swift */,
				54B4A6451B8519B80021A5D1 /* FilterType.swift */,
			);
			name = Enums;
			sourceTree = "<group>";
		};
		54BC1FAA1B7E5989001B884B = {
			isa = PBXGroup;
			children = (
				54BC1FB51B7E5989001B884B /* PlayerAuthMe */,
				54BC1FCB1B7E5989001B884B /* PlayerAuthMeTests */,
				54BC1FB41B7E5989001B884B /* Products */,
			);
			sourceTree = "<group>";
		};
		54BC1FB41B7E5989001B884B /* Products */ = {
			isa = PBXGroup;
			children = (
				54BC1FB31B7E5989001B884B /* PlayerAuthMe.app */,
				54BC1FC81B7E5989001B884B /* PlayerAuthMeTests.xctest */,
			);
			name = Products;
			sourceTree = "<group>";
		};
		54BC1FB51B7E5989001B884B /* PlayerAuthMe */ = {
			isa = PBXGroup;
			children = (
				54BC1FD81B7E5994001B884B /* Library */,
				54BC1FD91B7E599A001B884B /* Example */,
				54BC1FB81B7E5989001B884B /* AppDelegate.swift */,
				54BC1FBC1B7E5989001B884B /* Main.storyboard */,
				54BC1FBF1B7E5989001B884B /* Images.xcassets */,
				54BC1FC11B7E5989001B884B /* LaunchScreen.xib */,
				54BC1FB61B7E5989001B884B /* Supporting Files */,
			);
			path = PlayerAuthMe;
			sourceTree = "<group>";
		};
		54BC1FB61B7E5989001B884B /* Supporting Files */ = {
			isa = PBXGroup;
			children = (
				54BC1FB71B7E5989001B884B /* Info.plist */,
			);
			name = "Supporting Files";
			sourceTree = "<group>";
		};
		54BC1FCB1B7E5989001B884B /* PlayerAuthMeTests */ = {
			isa = PBXGroup;
			children = (
				54BC1FCE1B7E5989001B884B /* PlayerAuthMeTests.swift */,
				54BC1FCC1B7E5989001B884B /* Supporting Files */,
			);
			path = PlayerAuthMeTests;
			sourceTree = "<group>";
		};
		54BC1FCC1B7E5989001B884B /* Supporting Files */ = {
			isa = PBXGroup;
			children = (
				54BC1FCD1B7E5989001B884B /* Info.plist */,
			);
			name = "Supporting Files";
			sourceTree = "<group>";
		};
		54BC1FD81B7E5994001B884B /* Library */ = {
			isa = PBXGroup;
			children = (
				547FC79B1B7F8B7300BA4C3F /* Enums */,
				547FC7941B7F848400BA4C3F /* Extensions */,
				54BC1FE11B7E5A58001B884B /* Services */,
				54BC1FDE1B7E5A0F001B884B /* Models */,
				54BC1FDD1B7E5A0A001B884B /* Managers */,
				54BC1FDC1B7E5A03001B884B /* Constants */,
				54BC1FDF1B7E5A2B001B884B /* PlayerAuthMe.swift */,
			);
			name = Library;
			sourceTree = "<group>";
		};
		54BC1FD91B7E599A001B884B /* Example */ = {
			isa = PBXGroup;
			children = (
				54BC1FDA1B7E59C2001B884B /* ExampleLoginViewController.swift */,
			);
			name = Example;
			sourceTree = "<group>";
		};
		54BC1FDC1B7E5A03001B884B /* Constants */ = {
			isa = PBXGroup;
			children = (
				54BC1FE61B7E5B15001B884B /* Constants.swift */,
			);
			name = Constants;
			sourceTree = "<group>";
		};
		54BC1FDD1B7E5A0A001B884B /* Managers */ = {
			isa = PBXGroup;
			children = (
				54BC1FE21B7E5A90001B884B /* WebServiceManager.swift */,
			);
			name = Managers;
			sourceTree = "<group>";
		};
		54BC1FDE1B7E5A0F001B884B /* Models */ = {
			isa = PBXGroup;
			children = (
				547FC78D1B7F7D7E00BA4C3F /* PlayerMeRequests */,
				54BC1FE81B7E5DDB001B884B /* Client.swift */,
				547FC7911B7F80CE00BA4C3F /* AccessDetails.swift */,
				541921451B8245E200E1B554 /* Player.swift */,
				54116C681B84E736009D33D3 /* Session.swift */,
			);
			name = Models;
			sourceTree = "<group>";
		};
		54BC1FE11B7E5A58001B884B /* Services */ = {
			isa = PBXGroup;
			children = (
				54BC1FE41B7E5AB2001B884B /* AuthenticationWebService.swift */,
				541921431B82454B00E1B554 /* SessionService.swift */,
				541921471B82469900E1B554 /* PersistentStorageService.swift */,
				54B4A6411B84FC360021A5D1 /* PlayerWebService.swift */,
				54B4A6431B8512020021A5D1 /* WebService.swift */,
			);
			name = Services;
			sourceTree = "<group>";
		};
/* End PBXGroup section */

/* Begin PBXNativeTarget section */
		54BC1FB21B7E5989001B884B /* PlayerAuthMe */ = {
			isa = PBXNativeTarget;
			buildConfigurationList = 54BC1FD21B7E5989001B884B /* Build configuration list for PBXNativeTarget "PlayerAuthMe" */;
			buildPhases = (
				54BC1FAF1B7E5989001B884B /* Sources */,
				54BC1FB01B7E5989001B884B /* Frameworks */,
				54BC1FB11B7E5989001B884B /* Resources */,
			);
			buildRules = (
			);
			dependencies = (
			);
			name = PlayerAuthMe;
			productName = PlayerAuthMe;
			productReference = 54BC1FB31B7E5989001B884B /* PlayerAuthMe.app */;
			productType = "com.apple.product-type.application";
		};
		54BC1FC71B7E5989001B884B /* PlayerAuthMeTests */ = {
			isa = PBXNativeTarget;
			buildConfigurationList = 54BC1FD51B7E5989001B884B /* Build configuration list for PBXNativeTarget "PlayerAuthMeTests" */;
			buildPhases = (
				54BC1FC41B7E5989001B884B /* Sources */,
				54BC1FC51B7E5989001B884B /* Frameworks */,
				54BC1FC61B7E5989001B884B /* Resources */,
			);
			buildRules = (
			);
			dependencies = (
				54BC1FCA1B7E5989001B884B /* PBXTargetDependency */,
			);
			name = PlayerAuthMeTests;
			productName = PlayerAuthMeTests;
			productReference = 54BC1FC81B7E5989001B884B /* PlayerAuthMeTests.xctest */;
			productType = "com.apple.product-type.bundle.unit-test";
		};
/* End PBXNativeTarget section */

/* Begin PBXProject section */
		54BC1FAB1B7E5989001B884B /* Project object */ = {
			isa = PBXProject;
			attributes = {
				LastUpgradeCheck = 0640;
				ORGANIZATIONNAME = "Michael Green";
				TargetAttributes = {
					54BC1FB21B7E5989001B884B = {
						CreatedOnToolsVersion = 6.4;
					};
					54BC1FC71B7E5989001B884B = {
						CreatedOnToolsVersion = 6.4;
						TestTargetID = 54BC1FB21B7E5989001B884B;
					};
				};
			};
			buildConfigurationList = 54BC1FAE1B7E5989001B884B /* Build configuration list for PBXProject "PlayerAuthMe" */;
			compatibilityVersion = "Xcode 3.2";
			developmentRegion = English;
			hasScannedForEncodings = 0;
			knownRegions = (
				en,
				Base,
			);
			mainGroup = 54BC1FAA1B7E5989001B884B;
			productRefGroup = 54BC1FB41B7E5989001B884B /* Products */;
			projectDirPath = "";
			projectRoot = "";
			targets = (
				54BC1FB21B7E5989001B884B /* PlayerAuthMe */,
				54BC1FC71B7E5989001B884B /* PlayerAuthMeTests */,
			);
		};
/* End PBXProject section */

/* Begin PBXResourcesBuildPhase section */
		54BC1FB11B7E5989001B884B /* Resources */ = {
			isa = PBXResourcesBuildPhase;
			buildActionMask = 2147483647;
			files = (
				54BC1FBE1B7E5989001B884B /* Main.storyboard in Resources */,
				54BC1FC31B7E5989001B884B /* LaunchScreen.xib in Resources */,
				54BC1FC01B7E5989001B884B /* Images.xcassets in Resources */,
			);
			runOnlyForDeploymentPostprocessing = 0;
		};
		54BC1FC61B7E5989001B884B /* Resources */ = {
			isa = PBXResourcesBuildPhase;
			buildActionMask = 2147483647;
			files = (
			);
			runOnlyForDeploymentPostprocessing = 0;
		};
/* End PBXResourcesBuildPhase section */

/* Begin PBXSourcesBuildPhase section */
		54BC1FAF1B7E5989001B884B /* Sources */ = {
			isa = PBXSourcesBuildPhase;
			buildActionMask = 2147483647;
			files = (
				541921481B82469900E1B554 /* PersistentStorageService.swift in Sources */,
				547FC7981B7F850000BA4C3F /* PlayerMeRequest.swift in Sources */,
				541921421B82444D00E1B554 /* RefreshTokenRequest.swift in Sources */,
				54B4A6401B84FAA80021A5D1 /* PlayerDetailsRequest.swift in Sources */,
				54BC1FE31B7E5A90001B884B /* WebServiceManager.swift in Sources */,
				547FC79D1B7F8B8A00BA4C3F /* TokenType.swift in Sources */,
				541921461B8245E200E1B554 /* Player.swift in Sources */,
				54BC1FDB1B7E59C2001B884B /* ExampleLoginViewController.swift in Sources */,
				54BC1FE01B7E5A2B001B884B /* PlayerAuthMe.swift in Sources */,
				54BC1FE91B7E5DDB001B884B /* Client.swift in Sources */,
				541921441B82454B00E1B554 /* SessionService.swift in Sources */,
				54B4A6441B8512020021A5D1 /* WebService.swift in Sources */,
				547FC7921B7F80CE00BA4C3F /* AccessDetails.swift in Sources */,
				54BC1FB91B7E5989001B884B /* AppDelegate.swift in Sources */,
				54116C691B84E736009D33D3 /* Session.swift in Sources */,
				54B4A6461B8519B80021A5D1 /* FilterType.swift in Sources */,
				54BC1FE51B7E5AB2001B884B /* AuthenticationWebService.swift in Sources */,
				54B4A6421B84FC360021A5D1 /* PlayerWebService.swift in Sources */,
				54BC1FE71B7E5B15001B884B /* Constants.swift in Sources */,
				547FC79A1B7F85C200BA4C3F /* AuthenticationRequest.swift in Sources */,
			);
			runOnlyForDeploymentPostprocessing = 0;
		};
		54BC1FC41B7E5989001B884B /* Sources */ = {
			isa = PBXSourcesBuildPhase;
			buildActionMask = 2147483647;
			files = (
				54BC1FCF1B7E5989001B884B /* PlayerAuthMeTests.swift in Sources */,
			);
			runOnlyForDeploymentPostprocessing = 0;
		};
/* End PBXSourcesBuildPhase section */

/* Begin PBXTargetDependency section */
		54BC1FCA1B7E5989001B884B /* PBXTargetDependency */ = {
			isa = PBXTargetDependency;
			target = 54BC1FB21B7E5989001B884B /* PlayerAuthMe */;
			targetProxy = 54BC1FC91B7E5989001B884B /* PBXContainerItemProxy */;
		};
/* End PBXTargetDependency section */

/* Begin PBXVariantGroup section */
		54BC1FBC1B7E5989001B884B /* Main.storyboard */ = {
			isa = PBXVariantGroup;
			children = (
				54BC1FBD1B7E5989001B884B /* Base */,
			);
			name = Main.storyboard;
			sourceTree = "<group>";
		};
		54BC1FC11B7E5989001B884B /* LaunchScreen.xib */ = {
			isa = PBXVariantGroup;
			children = (
				54BC1FC21B7E5989001B884B /* Base */,
			);
			name = LaunchScreen.xib;
			sourceTree = "<group>";
		};
/* End PBXVariantGroup section */

/* Begin XCBuildConfiguration section */
		54BC1FD01B7E5989001B884B /* Debug */ = {
			isa = XCBuildConfiguration;
			buildSettings = {
				ALWAYS_SEARCH_USER_PATHS = NO;
				CLANG_CXX_LANGUAGE_STANDARD = "gnu++0x";
				CLANG_CXX_LIBRARY = "libc++";
				CLANG_ENABLE_MODULES = YES;
				CLANG_ENABLE_OBJC_ARC = YES;
				CLANG_WARN_BOOL_CONVERSION = YES;
				CLANG_WARN_CONSTANT_CONVERSION = YES;
				CLANG_WARN_DIRECT_OBJC_ISA_USAGE = YES_ERROR;
				CLANG_WARN_EMPTY_BODY = YES;
				CLANG_WARN_ENUM_CONVERSION = YES;
				CLANG_WARN_INT_CONVERSION = YES;
				CLANG_WARN_OBJC_ROOT_CLASS = YES_ERROR;
				CLANG_WARN_UNREACHABLE_CODE = YES;
				CLANG_WARN__DUPLICATE_METHOD_MATCH = YES;
				"CODE_SIGN_IDENTITY[sdk=iphoneos*]" = "iPhone Developer";
				COPY_PHASE_STRIP = NO;
				DEBUG_INFORMATION_FORMAT = "dwarf-with-dsym";
				ENABLE_STRICT_OBJC_MSGSEND = YES;
				GCC_C_LANGUAGE_STANDARD = gnu99;
				GCC_DYNAMIC_NO_PIC = NO;
				GCC_NO_COMMON_BLOCKS = YES;
				GCC_OPTIMIZATION_LEVEL = 0;
				GCC_PREPROCESSOR_DEFINITIONS = (
					"DEBUG=1",
					"$(inherited)",
				);
				GCC_SYMBOLS_PRIVATE_EXTERN = NO;
				GCC_WARN_64_TO_32_BIT_CONVERSION = YES;
				GCC_WARN_ABOUT_RETURN_TYPE = YES_ERROR;
				GCC_WARN_UNDECLARED_SELECTOR = YES;
				GCC_WARN_UNINITIALIZED_AUTOS = YES_AGGRESSIVE;
				GCC_WARN_UNUSED_FUNCTION = YES;
				GCC_WARN_UNUSED_VARIABLE = YES;
				IPHONEOS_DEPLOYMENT_TARGET = 8.4;
				MTL_ENABLE_DEBUG_INFO = YES;
				ONLY_ACTIVE_ARCH = YES;
				SDKROOT = iphoneos;
				SWIFT_OPTIMIZATION_LEVEL = "-Onone";
				TARGETED_DEVICE_FAMILY = "1,2";
			};
			name = Debug;
		};
		54BC1FD11B7E5989001B884B /* Release */ = {
			isa = XCBuildConfiguration;
			buildSettings = {
				ALWAYS_SEARCH_USER_PATHS = NO;
				CLANG_CXX_LANGUAGE_STANDARD = "gnu++0x";
				CLANG_CXX_LIBRARY = "libc++";
				CLANG_ENABLE_MODULES = YES;
				CLANG_ENABLE_OBJC_ARC = YES;
				CLANG_WARN_BOOL_CONVERSION = YES;
				CLANG_WARN_CONSTANT_CONVERSION = YES;
				CLANG_WARN_DIRECT_OBJC_ISA_USAGE = YES_ERROR;
				CLANG_WARN_EMPTY_BODY = YES;
				CLANG_WARN_ENUM_CONVERSION = YES;
				CLANG_WARN_INT_CONVERSION = YES;
				CLANG_WARN_OBJC_ROOT_CLASS = YES_ERROR;
				CLANG_WARN_UNREACHABLE_CODE = YES;
				CLANG_WARN__DUPLICATE_METHOD_MATCH = YES;
				"CODE_SIGN_IDENTITY[sdk=iphoneos*]" = "iPhone Developer";
				COPY_PHASE_STRIP = NO;
				DEBUG_INFORMATION_FORMAT = "dwarf-with-dsym";
				ENABLE_NS_ASSERTIONS = NO;
				ENABLE_STRICT_OBJC_MSGSEND = YES;
				GCC_C_LANGUAGE_STANDARD = gnu99;
				GCC_NO_COMMON_BLOCKS = YES;
				GCC_WARN_64_TO_32_BIT_CONVERSION = YES;
				GCC_WARN_ABOUT_RETURN_TYPE = YES_ERROR;
				GCC_WARN_UNDECLARED_SELECTOR = YES;
				GCC_WARN_UNINITIALIZED_AUTOS = YES_AGGRESSIVE;
				GCC_WARN_UNUSED_FUNCTION = YES;
				GCC_WARN_UNUSED_VARIABLE = YES;
				IPHONEOS_DEPLOYMENT_TARGET = 8.4;
				MTL_ENABLE_DEBUG_INFO = NO;
				SDKROOT = iphoneos;
				TARGETED_DEVICE_FAMILY = "1,2";
				VALIDATE_PRODUCT = YES;
			};
			name = Release;
		};
		54BC1FD31B7E5989001B884B /* Debug */ = {
			isa = XCBuildConfiguration;
			buildSettings = {
				ASSETCATALOG_COMPILER_APPICON_NAME = AppIcon;
				INFOPLIST_FILE = PlayerAuthMe/Info.plist;
				LD_RUNPATH_SEARCH_PATHS = "$(inherited) @executable_path/Frameworks";
				PRODUCT_NAME = "$(TARGET_NAME)";
			};
			name = Debug;
		};
		54BC1FD41B7E5989001B884B /* Release */ = {
			isa = XCBuildConfiguration;
			buildSettings = {
				ASSETCATALOG_COMPILER_APPICON_NAME = AppIcon;
				INFOPLIST_FILE = PlayerAuthMe/Info.plist;
				LD_RUNPATH_SEARCH_PATHS = "$(inherited) @executable_path/Frameworks";
				PRODUCT_NAME = "$(TARGET_NAME)";
			};
			name = Release;
		};
		54BC1FD61B7E5989001B884B /* Debug */ = {
			isa = XCBuildConfiguration;
			buildSettings = {
				BUNDLE_LOADER = "$(TEST_HOST)";
				FRAMEWORK_SEARCH_PATHS = (
					"$(SDKROOT)/Developer/Library/Frameworks",
					"$(inherited)",
				);
				GCC_PREPROCESSOR_DEFINITIONS = (
					"DEBUG=1",
					"$(inherited)",
				);
				INFOPLIST_FILE = PlayerAuthMeTests/Info.plist;
				LD_RUNPATH_SEARCH_PATHS = "$(inherited) @executable_path/Frameworks @loader_path/Frameworks";
				PRODUCT_NAME = "$(TARGET_NAME)";
				TEST_HOST = "$(BUILT_PRODUCTS_DIR)/PlayerAuthMe.app/PlayerAuthMe";
			};
			name = Debug;
		};
		54BC1FD71B7E5989001B884B /* Release */ = {
			isa = XCBuildConfiguration;
			buildSettings = {
				BUNDLE_LOADER = "$(TEST_HOST)";
				FRAMEWORK_SEARCH_PATHS = (
					"$(SDKROOT)/Developer/Library/Frameworks",
					"$(inherited)",
				);
				INFOPLIST_FILE = PlayerAuthMeTests/Info.plist;
				LD_RUNPATH_SEARCH_PATHS = "$(inherited) @executable_path/Frameworks @loader_path/Frameworks";
				PRODUCT_NAME = "$(TARGET_NAME)";
				TEST_HOST = "$(BUILT_PRODUCTS_DIR)/PlayerAuthMe.app/PlayerAuthMe";
			};
			name = Release;
		};
/* End XCBuildConfiguration section */

/* Begin XCConfigurationList section */
		54BC1FAE1B7E5989001B884B /* Build configuration list for PBXProject "PlayerAuthMe" */ = {
			isa = XCConfigurationList;
			buildConfigurations = (
				54BC1FD01B7E5989001B884B /* Debug */,
				54BC1FD11B7E5989001B884B /* Release */,
			);
			defaultConfigurationIsVisible = 0;
			defaultConfigurationName = Release;
		};
		54BC1FD21B7E5989001B884B /* Build configuration list for PBXNativeTarget "PlayerAuthMe" */ = {
			isa = XCConfigurationList;
			buildConfigurations = (
				54BC1FD31B7E5989001B884B /* Debug */,
				54BC1FD41B7E5989001B884B /* Release */,
			);
			defaultConfigurationIsVisible = 0;
			defaultConfigurationName = Release;
		};
		54BC1FD51B7E5989001B884B /* Build configuration list for PBXNativeTarget "PlayerAuthMeTests" */ = {
			isa = XCConfigurationList;
			buildConfigurations = (
				54BC1FD61B7E5989001B884B /* Debug */,
				54BC1FD71B7E5989001B884B /* Release */,
			);
			defaultConfigurationIsVisible = 0;
			defaultConfigurationName = Release;
		};
/* End XCConfigurationList section */
	};
	rootObject = 54BC1FAB1B7E5989001B884B /* Project object */;
}
